
Microsoft Visual Studio Solution File, Format Version 12.00
# Visual Studio Version 17
VisualStudioVersion = 17.0.31903.59
MinimumVisualStudioVersion = 10.0.40219.1
Project("{FAE04EC0-301F-11D3-BF4B-00C04F79EFBC}") = "HON.Orders.Domain", "HON.Orders.Domain\HON.Orders.Domain.csproj", "{1F834479-32F9-4F93-BB90-12DA6F3AD3F3}"
EndProject
Project("{FAE04EC0-301F-11D3-BF4B-00C04F79EFBC}") = "HON.Orders.Data", "HON.Orders.Data\HON.Orders.Data.csproj", "{31464F21-82D9-4BC9-A6ED-6498B216F98C}"
EndProject
Project("{FAE04EC0-301F-11D3-BF4B-00C04F79EFBC}") = "HON.Orders.Web", "HON.Orders.Web\HON.Orders.Web.csproj", "{17C0FBE4-E829-4A56-9291-B507C72F0DF2}"
EndProject
Project("{FAE04EC0-301F-11D3-BF4B-00C04F79EFBC}") = "HON.Orders.Tests", "HON.Orders.Tests\HON.Orders.Tests.csproj", "{D4BC81AC-9DC3-4A36-9FE4-38E804B2C741}"
EndProject
Global
	GlobalSection(SolutionConfigurationPlatforms) = preSolution
		Debug|Any CPU = Debug|Any CPU
		Debug|x64 = Debug|x64
		Debug|x86 = Debug|x86
		Release|Any CPU = Release|Any CPU
		Release|x64 = Release|x64
		Release|x86 = Release|x86
	EndGlobalSection
	GlobalSection(ProjectConfigurationPlatforms) = postSolution
		{1F834479-32F9-4F93-BB90-12DA6F3AD3F3}.Debug|Any CPU.ActiveCfg = Debug|Any CPU
		{1F834479-32F9-4F93-BB90-12DA6F3AD3F3}.Debug|Any CPU.Build.0 = Debug|Any CPU
		{1F834479-32F9-4F93-BB90-12DA6F3AD3F3}.Debug|x64.ActiveCfg = Debug|Any CPU
		{1F834479-32F9-4F93-BB90-12DA6F3AD3F3}.Debug|x64.Build.0 = Debug|Any CPU
		{1F834479-32F9-4F93-BB90-12DA6F3AD3F3}.Debug|x86.ActiveCfg = Debug|Any CPU
		{1F834479-32F9-4F93-BB90-12DA6F3AD3F3}.Debug|x86.Build.0 = Debug|Any CPU
		{1F834479-32F9-4F93-BB90-12DA6F3AD3F3}.Release|Any CPU.ActiveCfg = Release|Any CPU
		{1F834479-32F9-4F93-BB90-12DA6F3AD3F3}.Release|Any CPU.Build.0 = Release|Any CPU
		{1F834479-32F9-4F93-BB90-12DA6F3AD3F3}.Release|x64.ActiveCfg = Release|Any CPU
		{1F834479-32F9-4F93-BB90-12DA6F3AD3F3}.Release|x64.Build.0 = Release|Any CPU
		{1F834479-32F9-4F93-BB90-12DA6F3AD3F3}.Release|x86.ActiveCfg = Release|Any CPU
		{1F834479-32F9-4F93-BB90-12DA6F3AD3F3}.Release|x86.Build.0 = Release|Any CPU
		{31464F21-82D9-4BC9-A6ED-6498B216F98C}.Debug|Any CPU.ActiveCfg = Debug|Any CPU
		{31464F21-82D9-4BC9-A6ED-6498B216F98C}.Debug|Any CPU.Build.0 = Debug|Any CPU
		{31464F21-82D9-4BC9-A6ED-6498B216F98C}.Debug|x64.ActiveCfg = Debug|Any CPU
		{31464F21-82D9-4BC9-A6ED-6498B216F98C}.Debug|x64.Build.0 = Debug|Any CPU
		{31464F21-82D9-4BC9-A6ED-6498B216F98C}.Debug|x86.ActiveCfg = Debug|Any CPU
		{31464F21-82D9-4BC9-A6ED-6498B216F98C}.Debug|x86.Build.0 = Debug|Any CPU
		{31464F21-82D9-4BC9-A6ED-6498B216F98C}.Release|Any CPU.ActiveCfg = Release|Any CPU
		{31464F21-82D9-4BC9-A6ED-6498B216F98C}.Release|Any CPU.Build.0 = Release|Any CPU
		{31464F21-82D9-4BC9-A6ED-6498B216F98C}.Release|x64.ActiveCfg = Release|Any CPU
		{31464F21-82D9-4BC9-A6ED-6498B216F98C}.Release|x64.Build.0 = Release|Any CPU
		{31464F21-82D9-4BC9-A6ED-6498B216F98C}.Release|x86.ActiveCfg = Release|Any CPU
		{31464F21-82D9-4BC9-A6ED-6498B216F98C}.Release|x86.Build.0 = Release|Any CPU
		{17C0FBE4-E829-4A56-9291-B507C72F0DF2}.Debug|Any CPU.ActiveCfg = Debug|Any CPU
		{17C0FBE4-E829-4A56-9291-B507C72F0DF2}.Debug|Any CPU.Build.0 = Debug|Any CPU
		{17C0FBE4-E829-4A56-9291-B507C72F0DF2}.Debug|x64.ActiveCfg = Debug|Any CPU
		{17C0FBE4-E829-4A56-9291-B507C72F0DF2}.Debug|x64.Build.0 = Debug|Any CPU
		{17C0FBE4-E829-4A56-9291-B507C72F0DF2}.Debug|x86.ActiveCfg = Debug|Any CPU
		{17C0FBE4-E829-4A56-9291-B507C72F0DF2}.Debug|x86.Build.0 = Debug|Any CPU
		{17C0FBE4-E829-4A56-9291-B507C72F0DF2}.Release|Any CPU.ActiveCfg = Release|Any CPU
		{17C0FBE4-E829-4A56-9291-B507C72F0DF2}.Release|Any CPU.Build.0 = Release|Any CPU
		{17C0FBE4-E829-4A56-9291-B507C72F0DF2}.Release|x64.ActiveCfg = Release|Any CPU
		{17C0FBE4-E829-4A56-9291-B507C72F0DF2}.Release|x64.Build.0 = Release|Any CPU
		{17C0FBE4-E829-4A56-9291-B507C72F0DF2}.Release|x86.ActiveCfg = Release|Any CPU
		{17C0FBE4-E829-4A56-9291-B507C72F0DF2}.Release|x86.Build.0 = Release|Any CPU
		{D4BC81AC-9DC3-4A36-9FE4-38E804B2C741}.Debug|Any CPU.ActiveCfg = Debug|Any CPU
		{D4BC81AC-9DC3-4A36-9FE4-38E804B2C741}.Debug|Any CPU.Build.0 = Debug|Any CPU
		{D4BC81AC-9DC3-4A36-9FE4-38E804B2C741}.Debug|x64.ActiveCfg = Debug|Any CPU
		{D4BC81AC-9DC3-4A36-9FE4-38E804B2C741}.Debug|x64.Build.0 = Debug|Any CPU
		{D4BC81AC-9DC3-4A36-9FE4-38E804B2C741}.Debug|x86.ActiveCfg = Debug|Any CPU
		{D4BC81AC-9DC3-4A36-9FE4-38E804B2C741}.Debug|x86.Build.0 = Debug|Any CPU
		{D4BC81AC-9DC3-4A36-9FE4-38E804B2C741}.Release|Any CPU.ActiveCfg = Release|Any CPU
		{D4BC81AC-9DC3-4A36-9FE4-38E804B2C741}.Release|Any CPU.Build.0 = Release|Any CPU
		{D4BC81AC-9DC3-4A36-9FE4-38E804B2C741}.Release|x64.ActiveCfg = Release|Any CPU
		{D4BC81AC-9DC3-4A36-9FE4-38E804B2C741}.Release|x64.Build.0 = Release|Any CPU
		{D4BC81AC-9DC3-4A36-9FE4-38E804B2C741}.Release|x86.ActiveCfg = Release|Any CPU
		{D4BC81AC-9DC3-4A36-9FE4-38E804B2C741}.Release|x86.Build.0 = Release|Any CPU
	EndGlobalSection
	GlobalSection(SolutionProperties) = preSolution
		HideSolutionNode = FALSE
	EndGlobalSection
EndGlobal
